
Microsoft Visual Studio Solution File, Format Version 12.00
# Visual Studio Version 17
VisualStudioVersion = 17.9.34728.123
MinimumVisualStudioVersion = 10.0.40219.1
Project("{FAE04EC0-301F-11D3-BF4B-00C04F79EFBC}") = "WebApp", "WebApp\WebApp.csproj", "{6BDFD844-E844-4F48-B08F-8795690EDDDB}"
EndProject
Global
	GlobalSection(SolutionConfigurationPlatforms) = preSolution
		Debug|Any CPU = Debug|Any CPU
		Release|Any CPU = Release|Any CPU
	EndGlobalSection
	GlobalSection(ProjectConfigurationPlatforms) = postSolution
		{6BDFD844-E844-4F48-B08F-8795690EDDDB}.Debug|Any CPU.ActiveCfg = Debug|Any CPU
		{6BDFD844-E844-4F48-B08F-8795690EDDDB}.Debug|Any CPU.Build.0 = Debug|Any CPU
		{6BDFD844-E844-4F48-B08F-8795690EDDDB}.Release|Any CPU.ActiveCfg = Release|Any CPU
		{6BDFD844-E844-4F48-B08F-8795690EDDDB}.Release|Any CPU.Build.0 = Release|Any CPU
	EndGlobalSection
	GlobalSection(SolutionProperties) = preSolution
		HideSolutionNode = FALSE
	EndGlobalSection
	GlobalSection(ExtensibilityGlobals) = postSolution
		SolutionGuid = {D1EA0925-A761-497D-BB57-D4984173A241}
	EndGlobalSection
EndGlobal
