
Microsoft Visual Studio Solution File, Format Version 12.00
# Visual Studio Version 17
VisualStudioVersion = 17.9.34728.123
MinimumVisualStudioVersion = 10.0.40219.1
Project("{9A19103F-16F7-4668-BE54-9A1E7A4F7556}") = "WebApi", "WebApi.csproj", "{8F8EE906-D8BB-466A-AC8A-24371318A18E}"
EndProject
Project("{FAE04EC0-301F-11D3-BF4B-00C04F79EFBC}") = "Infrastructure", "..\Infrastructure\Infrastructure.csproj", "{633E4479-B18A-4F5D-873E-42266AE89996}"
EndProject
Global
	GlobalSection(SolutionConfigurationPlatforms) = preSolution
		Debug|Any CPU = Debug|Any CPU
		Release|Any CPU = Release|Any CPU
	EndGlobalSection
	GlobalSection(ProjectConfigurationPlatforms) = postSolution
		{8F8EE906-D8BB-466A-AC8A-24371318A18E}.Debug|Any CPU.ActiveCfg = Debug|Any CPU
		{8F8EE906-D8BB-466A-AC8A-24371318A18E}.Debug|Any CPU.Build.0 = Debug|Any CPU
		{8F8EE906-D8BB-466A-AC8A-24371318A18E}.Release|Any CPU.ActiveCfg = Release|Any CPU
		{8F8EE906-D8BB-466A-AC8A-24371318A18E}.Release|Any CPU.Build.0 = Release|Any CPU
		{633E4479-B18A-4F5D-873E-42266AE89996}.Debug|Any CPU.ActiveCfg = Debug|Any CPU
		{633E4479-B18A-4F5D-873E-42266AE89996}.Debug|Any CPU.Build.0 = Debug|Any CPU
		{633E4479-B18A-4F5D-873E-42266AE89996}.Release|Any CPU.ActiveCfg = Release|Any CPU
		{633E4479-B18A-4F5D-873E-42266AE89996}.Release|Any CPU.Build.0 = Release|Any CPU
	EndGlobalSection
	GlobalSection(SolutionProperties) = preSolution
		HideSolutionNode = FALSE
	EndGlobalSection
	GlobalSection(ExtensibilityGlobals) = postSolution
		SolutionGuid = {ADB14CDB-40AA-4368-B52C-25D2EF2E52CB}
	EndGlobalSection
EndGlobal
