
Microsoft Visual Studio Solution File, Format Version 12.00
# Visual Studio Version 17
VisualStudioVersion = 17.9.34902.65
MinimumVisualStudioVersion = 10.0.40219.1
Project("{FAE04EC0-301F-11D3-BF4B-00C04F79EFBC}") = "CourseProvider", "CourseProvider\CourseProvider.csproj", "{11C31C01-9E83-435B-8650-2AB016E7A320}"
EndProject
Project("{FAE04EC0-301F-11D3-BF4B-00C04F79EFBC}") = "CourseProvider.Infrastructure", "CourseProvider.Infrastructure\CourseProvider.Infrastructure.csproj", "{C0B02047-FD68-493D-BBD4-286C4ED5C5AB}"
EndProject
Project("{FAE04EC0-301F-11D3-BF4B-00C04F79EFBC}") = "CourseProvider.Tests", "CourseProvider.Tests\CourseProvider.Tests.csproj", "{8238E00F-2BE7-46B1-B172-048B7B95D028}"
EndProject
Global
	GlobalSection(SolutionConfigurationPlatforms) = preSolution
		Debug|Any CPU = Debug|Any CPU
		Release|Any CPU = Release|Any CPU
	EndGlobalSection
	GlobalSection(ProjectConfigurationPlatforms) = postSolution
		{11C31C01-9E83-435B-8650-2AB016E7A320}.Debug|Any CPU.ActiveCfg = Debug|Any CPU
		{11C31C01-9E83-435B-8650-2AB016E7A320}.Debug|Any CPU.Build.0 = Debug|Any CPU
		{11C31C01-9E83-435B-8650-2AB016E7A320}.Release|Any CPU.ActiveCfg = Release|Any CPU
		{11C31C01-9E83-435B-8650-2AB016E7A320}.Release|Any CPU.Build.0 = Release|Any CPU
		{C0B02047-FD68-493D-BBD4-286C4ED5C5AB}.Debug|Any CPU.ActiveCfg = Debug|Any CPU
		{C0B02047-FD68-493D-BBD4-286C4ED5C5AB}.Debug|Any CPU.Build.0 = Debug|Any CPU
		{C0B02047-FD68-493D-BBD4-286C4ED5C5AB}.Release|Any CPU.ActiveCfg = Release|Any CPU
		{C0B02047-FD68-493D-BBD4-286C4ED5C5AB}.Release|Any CPU.Build.0 = Release|Any CPU
		{8238E00F-2BE7-46B1-B172-048B7B95D028}.Debug|Any CPU.ActiveCfg = Debug|Any CPU
		{8238E00F-2BE7-46B1-B172-048B7B95D028}.Debug|Any CPU.Build.0 = Debug|Any CPU
		{8238E00F-2BE7-46B1-B172-048B7B95D028}.Release|Any CPU.ActiveCfg = Release|Any CPU
		{8238E00F-2BE7-46B1-B172-048B7B95D028}.Release|Any CPU.Build.0 = Release|Any CPU
	EndGlobalSection
	GlobalSection(SolutionProperties) = preSolution
		HideSolutionNode = FALSE
	EndGlobalSection
	GlobalSection(ExtensibilityGlobals) = postSolution
		SolutionGuid = {1B2403FA-9340-430C-9893-DF5C7268EF8F}
	EndGlobalSection
EndGlobal
